{
    "_readme": [
        "This file locks the dependencies of your project to a known state",
        "Read more about it at https://getcomposer.org/doc/01-basic-usage.md#installing-dependencies",
        "This file is @generated automatically"
    ],
    "content-hash": "95247191c744b54422e4bfaf7d339b4a",
    "packages": [
        {
            "name": "phplucidframe/console-table",
            "version": "v1.2.4",
            "source": {
                "type": "git",
                "url": "https://github.com/phplucidframe/console-table.git",
                "reference": "a973d911af96f3db42fca92cbeb1f473c9ad505e"
            },
            "dist": {
                "type": "zip",
                "url": "https://api.github.com/repos/phplucidframe/console-table/zipball/a973d911af96f3db42fca92cbeb1f473c9ad505e",
                "reference": "a973d911af96f3db42fca92cbeb1f473c9ad505e",
                "shasum": ""
            },
            "require": {
                "php": ">=5.3"
            },
            "require-dev": {
                "phpunit/phpunit": "*"
            },
            "type": "library",
            "autoload": {
                "psr-0": {
                    "LucidFrame\\": "src/",
                    "LucidFrameTest\\": "tests/"
                }
            },
            "notification-url": "https://packagist.org/downloads/",
            "license": [
                "MIT"
            ],
            "authors": [
                {
                    "name": "Sithu K.",
                    "email": "cithukyaw@gmail.com"
                }
            ],
            "description": "Console Table",
            "time": "2019-03-03T12:17:32+00:00"
        }
    ],
    "packages-dev": [
        {
            "name": "fzaninotto/faker",
            "version": "v1.9.1",
            "source": {
                "type": "git",
                "url": "https://github.com/fzaninotto/Faker.git",
                "reference": "fc10d778e4b84d5bd315dad194661e091d307c6f"
            },
            "dist": {
                "type": "zip",
                "url": "https://api.github.com/repos/fzaninotto/Faker/zipball/fc10d778e4b84d5bd315dad194661e091d307c6f",
                "reference": "fc10d778e4b84d5bd315dad194661e091d307c6f",
                "shasum": ""
            },
            "require": {
                "php": "^5.3.3 || ^7.0"
            },
            "require-dev": {
                "ext-intl": "*",
                "phpunit/phpunit": "^4.8.35 || ^5.7",
                "squizlabs/php_codesniffer": "^2.9.2"
            },
            "type": "library",
            "extra": {
                "branch-alias": {
                    "dev-master": "1.9-dev"
                }
            },
            "autoload": {
                "psr-4": {
                    "Faker\\": "src/Faker/"
                }
            },
            "notification-url": "https://packagist.org/downloads/",
            "license": [
                "MIT"
            ],
            "authors": [
                {
                    "name": "François Zaninotto"
                }
            ],
            "description": "Faker is a PHP library that generates fake data for you.",
            "keywords": [
                "data",
                "faker",
                "fixtures"
            ],
            "time": "2019-12-12T13:22:17+00:00"
        }
    ],
    "aliases": [],
    "minimum-stability": "stable",
    "stability-flags": [],
    "prefer-stable": false,
    "prefer-lowest": false,
    "platform": {
        "php": "^7.2"
    },
    "platform-dev": [],
    "plugin-api-version": "1.1.0"
}
